// !$*UTF8*$!
{
	archiveVersion = 1;
	classes = {
	};
	objectVersion = 51;
	objects = {

/* Begin PBXBuildFile section */
		16108E04236DCD5A00481778 /* Data.swift in Sources */ = {isa = PBXBuildFile; fileRef = 16108E03236DCD5A00481778 /* Data.swift */; };
		167B308922FAA671007D67F3 /* AppDelegate.swift in Sources */ = {isa = PBXBuildFile; fileRef = 167B308822FAA671007D67F3 /* AppDelegate.swift */; };
		167B308B22FAA671007D67F3 /* ToDoListViewController.swift in Sources */ = {isa = PBXBuildFile; fileRef = 167B308A22FAA671007D67F3 /* ToDoListViewController.swift */; };
		167B308E22FAA671007D67F3 /* Main.storyboard in Resources */ = {isa = PBXBuildFile; fileRef = 167B308C22FAA671007D67F3 /* Main.storyboard */; };
		167B309022FAA671007D67F3 /* Assets.xcassets in Resources */ = {isa = PBXBuildFile; fileRef = 167B308F22FAA671007D67F3 /* Assets.xcassets */; };
		167B309322FAA671007D67F3 /* LaunchScreen.storyboard in Resources */ = {isa = PBXBuildFile; fileRef = 167B309122FAA671007D67F3 /* LaunchScreen.storyboard */; };
		16843F7223B1C32700369EBD /* RealmManager.swift in Sources */ = {isa = PBXBuildFile; fileRef = 16843F7123B1C32700369EBD /* RealmManager.swift */; };
		56BC696C9D1F03F721BEAA35 /* Pods_To_Do_List.framework in Frameworks */ = {isa = PBXBuildFile; fileRef = 671F445143929AD5CE726505 /* Pods_To_Do_List.framework */; };
/* End PBXBuildFile section */

/* Begin PBXFileReference section */
		16108E03236DCD5A00481778 /* Data.swift */ = {isa = PBXFileReference; lastKnownFileType = sourcecode.swift; path = Data.swift; sourceTree = "<group>"; };
		167B308522FAA671007D67F3 /* To-Do-List.app */ = {isa = PBXFileReference; explicitFileType = wrapper.application; includeInIndex = 0; path = "To-Do-List.app"; sourceTree = BUILT_PRODUCTS_DIR; };
		167B308822FAA671007D67F3 /* AppDelegate.swift */ = {isa = PBXFileReference; lastKnownFileType = sourcecode.swift; path = AppDelegate.swift; sourceTree = "<group>"; };
		167B308A22FAA671007D67F3 /* ToDoListViewController.swift */ = {isa = PBXFileReference; lastKnownFileType = sourcecode.swift; path = ToDoListViewController.swift; sourceTree = "<group>"; };
		167B308D22FAA671007D67F3 /* Base */ = {isa = PBXFileReference; lastKnownFileType = file.storyboard; name = Base; path = Base.lproj/Main.storyboard; sourceTree = "<group>"; };
		167B308F22FAA671007D67F3 /* Assets.xcassets */ = {isa = PBXFileReference; lastKnownFileType = folder.assetcatalog; path = Assets.xcassets; sourceTree = "<group>"; };
		167B309222FAA671007D67F3 /* Base */ = {isa = PBXFileReference; lastKnownFileType = file.storyboard; name = Base; path = Base.lproj/LaunchScreen.storyboard; sourceTree = "<group>"; };
		167B309422FAA671007D67F3 /* Info.plist */ = {isa = PBXFileReference; lastKnownFileType = text.plist.xml; path = Info.plist; sourceTree = "<group>"; };
		16843F7123B1C32700369EBD /* RealmManager.swift */ = {isa = PBXFileReference; lastKnownFileType = sourcecode.swift; path = RealmManager.swift; sourceTree = "<group>"; };
		671F445143929AD5CE726505 /* Pods_To_Do_List.framework */ = {isa = PBXFileReference; explicitFileType = wrapper.framework; includeInIndex = 0; path = Pods_To_Do_List.framework; sourceTree = BUILT_PRODUCTS_DIR; };
		D4A8B1F2BB9AE040B160C36B /* Pods-To-Do-List.release.xcconfig */ = {isa = PBXFileReference; includeInIndex = 1; lastKnownFileType = text.xcconfig; name = "Pods-To-Do-List.release.xcconfig"; path = "Target Support Files/Pods-To-Do-List/Pods-To-Do-List.release.xcconfig"; sourceTree = "<group>"; };
		D709E32DF7F9577FA74BDEBB /* Pods-To-Do-List.debug.xcconfig */ = {isa = PBXFileReference; includeInIndex = 1; lastKnownFileType = text.xcconfig; name = "Pods-To-Do-List.debug.xcconfig"; path = "Target Support Files/Pods-To-Do-List/Pods-To-Do-List.debug.xcconfig"; sourceTree = "<group>"; };
/* End PBXFileReference section */

/* Begin PBXFrameworksBuildPhase section */
		167B308222FAA671007D67F3 /* Frameworks */ = {
			isa = PBXFrameworksBuildPhase;
			buildActionMask = 2147483647;
			files = (
				56BC696C9D1F03F721BEAA35 /* Pods_To_Do_List.framework in Frameworks */,
			);
			runOnlyForDeploymentPostprocessing = 0;
		};
/* End PBXFrameworksBuildPhase section */

/* Begin PBXGroup section */
		167B307C22FAA671007D67F3 = {
			isa = PBXGroup;
			children = (
				167B308722FAA671007D67F3 /* To-Do-List */,
				167B308622FAA671007D67F3 /* Products */,
				E62B41925D7E2757BA800068 /* Pods */,
				DE63B78A0CE6A30B14E0B42A /* Frameworks */,
			);
			sourceTree = "<group>";
		};
		167B308622FAA671007D67F3 /* Products */ = {
			isa = PBXGroup;
			children = (
				167B308522FAA671007D67F3 /* To-Do-List.app */,
			);
			name = Products;
			sourceTree = "<group>";
		};
		167B308722FAA671007D67F3 /* To-Do-List */ = {
			isa = PBXGroup;
			children = (
				16843F7023B0A5AD00369EBD /* Model */,
				16843F7423B210D500369EBD /* View */,
				16843F7523B210DB00369EBD /* Controller */,
				16843F7323B210C000369EBD /* Supporting Files */,
				167B308F22FAA671007D67F3 /* Assets.xcassets */,
				167B309422FAA671007D67F3 /* Info.plist */,
			);
			path = "To-Do-List";
			sourceTree = "<group>";
		};
		16843F7023B0A5AD00369EBD /* Model */ = {
			isa = PBXGroup;
			children = (
				16108E03236DCD5A00481778 /* Data.swift */,
				16843F7123B1C32700369EBD /* RealmManager.swift */,
			);
			path = Model;
			sourceTree = "<group>";
		};
		16843F7323B210C000369EBD /* Supporting Files */ = {
			isa = PBXGroup;
			children = (
				167B308822FAA671007D67F3 /* AppDelegate.swift */,
			);
			path = "Supporting Files";
			sourceTree = "<group>";
		};
		16843F7423B210D500369EBD /* View */ = {
			isa = PBXGroup;
			children = (
				167B308C22FAA671007D67F3 /* Main.storyboard */,
				167B309122FAA671007D67F3 /* LaunchScreen.storyboard */,
			);
			path = View;
			sourceTree = "<group>";
		};
		16843F7523B210DB00369EBD /* Controller */ = {
			isa = PBXGroup;
			children = (
				167B308A22FAA671007D67F3 /* ToDoListViewController.swift */,
			);
			path = Controller;
			sourceTree = "<group>";
		};
		DE63B78A0CE6A30B14E0B42A /* Frameworks */ = {
			isa = PBXGroup;
			children = (
				671F445143929AD5CE726505 /* Pods_To_Do_List.framework */,
			);
			name = Frameworks;
			sourceTree = "<group>";
		};
		E62B41925D7E2757BA800068 /* Pods */ = {
			isa = PBXGroup;
			children = (
				D709E32DF7F9577FA74BDEBB /* Pods-To-Do-List.debug.xcconfig */,
				D4A8B1F2BB9AE040B160C36B /* Pods-To-Do-List.release.xcconfig */,
			);
			path = Pods;
			sourceTree = "<group>";
		};
/* End PBXGroup section */

/* Begin PBXNativeTarget section */
		167B308422FAA671007D67F3 /* To-Do-List */ = {
			isa = PBXNativeTarget;
			buildConfigurationList = 167B309722FAA671007D67F3 /* Build configuration list for PBXNativeTarget "To-Do-List" */;
			buildPhases = (
				305BDA89249CEC80255EF269 /* [CP] Check Pods Manifest.lock */,
				167B308122FAA671007D67F3 /* Sources */,
				167B308222FAA671007D67F3 /* Frameworks */,
				167B308322FAA671007D67F3 /* Resources */,
				87DBD6368B9CF62DF736F511 /* [CP] Embed Pods Frameworks */,
			);
			buildRules = (
			);
			dependencies = (
			);
			name = "To-Do-List";
			productName = "To-Do-List";
			productReference = 167B308522FAA671007D67F3 /* To-Do-List.app */;
			productType = "com.apple.product-type.application";
		};
/* End PBXNativeTarget section */

/* Begin PBXProject section */
		167B307D22FAA671007D67F3 /* Project object */ = {
			isa = PBXProject;
			attributes = {
				LastSwiftUpdateCheck = 1030;
				LastUpgradeCheck = 1030;
				ORGANIZATIONNAME = "黃士軒";
				TargetAttributes = {
					167B308422FAA671007D67F3 = {
						CreatedOnToolsVersion = 10.3;
					};
				};
			};
			buildConfigurationList = 167B308022FAA671007D67F3 /* Build configuration list for PBXProject "To-Do-List" */;
			compatibilityVersion = "Xcode 9.3";
			developmentRegion = en;
			hasScannedForEncodings = 0;
			knownRegions = (
				en,
				Base,
			);
			mainGroup = 167B307C22FAA671007D67F3;
			productRefGroup = 167B308622FAA671007D67F3 /* Products */;
			projectDirPath = "";
			projectRoot = "";
			targets = (
				167B308422FAA671007D67F3 /* To-Do-List */,
			);
		};
/* End PBXProject section */

/* Begin PBXResourcesBuildPhase section */
		167B308322FAA671007D67F3 /* Resources */ = {
			isa = PBXResourcesBuildPhase;
			buildActionMask = 2147483647;
			files = (
				167B309322FAA671007D67F3 /* LaunchScreen.storyboard in Resources */,
				167B309022FAA671007D67F3 /* Assets.xcassets in Resources */,
				167B308E22FAA671007D67F3 /* Main.storyboard in Resources */,
			);
			runOnlyForDeploymentPostprocessing = 0;
		};
/* End PBXResourcesBuildPhase section */

/* Begin PBXShellScriptBuildPhase section */
		305BDA89249CEC80255EF269 /* [CP] Check Pods Manifest.lock */ = {
			isa = PBXShellScriptBuildPhase;
			buildActionMask = 2147483647;
			files = (
			);
			inputFileListPaths = (
			);
			inputPaths = (
				"${PODS_PODFILE_DIR_PATH}/Podfile.lock",
				"${PODS_ROOT}/Manifest.lock",
			);
			name = "[CP] Check Pods Manifest.lock";
			outputFileListPaths = (
			);
			outputPaths = (
				"$(DERIVED_FILE_DIR)/Pods-To-Do-List-checkManifestLockResult.txt",
			);
			runOnlyForDeploymentPostprocessing = 0;
			shellPath = /bin/sh;
			shellScript = "diff \"${PODS_PODFILE_DIR_PATH}/Podfile.lock\" \"${PODS_ROOT}/Manifest.lock\" > /dev/null\nif [ $? != 0 ] ; then\n    # print error to STDERR\n    echo \"error: The sandbox is not in sync with the Podfile.lock. Run 'pod install' or update your CocoaPods installation.\" >&2\n    exit 1\nfi\n# This output is used by Xcode 'outputs' to avoid re-running this script phase.\necho \"SUCCESS\" > \"${SCRIPT_OUTPUT_FILE_0}\"\n";
			showEnvVarsInLog = 0;
		};
		87DBD6368B9CF62DF736F511 /* [CP] Embed Pods Frameworks */ = {
			isa = PBXShellScriptBuildPhase;
			buildActionMask = 2147483647;
			files = (
			);
			inputFileListPaths = (
				"${PODS_ROOT}/Target Support Files/Pods-To-Do-List/Pods-To-Do-List-frameworks-${CONFIGURATION}-input-files.xcfilelist",
			);
			name = "[CP] Embed Pods Frameworks";
			outputFileListPaths = (
				"${PODS_ROOT}/Target Support Files/Pods-To-Do-List/Pods-To-Do-List-frameworks-${CONFIGURATION}-output-files.xcfilelist",
			);
			runOnlyForDeploymentPostprocessing = 0;
			shellPath = /bin/sh;
			shellScript = "\"${PODS_ROOT}/Target Support Files/Pods-To-Do-List/Pods-To-Do-List-frameworks.sh\"\n";
			showEnvVarsInLog = 0;
		};
/* End PBXShellScriptBuildPhase section */

/* Begin PBXSourcesBuildPhase section */
		167B308122FAA671007D67F3 /* Sources */ = {
			isa = PBXSourcesBuildPhase;
			buildActionMask = 2147483647;
			files = (
				16108E04236DCD5A00481778 /* Data.swift in Sources */,
				16843F7223B1C32700369EBD /* RealmManager.swift in Sources */,
				167B308B22FAA671007D67F3 /* ToDoListViewController.swift in Sources */,
				167B308922FAA671007D67F3 /* AppDelegate.swift in Sources */,
			);
			runOnlyForDeploymentPostprocessing = 0;
		};
/* End PBXSourcesBuildPhase section */

/* Begin PBXVariantGroup section */
		167B308C22FAA671007D67F3 /* Main.storyboard */ = {
			isa = PBXVariantGroup;
			children = (
				167B308D22FAA671007D67F3 /* Base */,
			);
			name = Main.storyboard;
			sourceTree = "<group>";
		};
		167B309122FAA671007D67F3 /* LaunchScreen.storyboard */ = {
			isa = PBXVariantGroup;
			children = (
				167B309222FAA671007D67F3 /* Base */,
			);
			name = LaunchScreen.storyboard;
			sourceTree = "<group>";
		};
/* End PBXVariantGroup section */

/* Begin XCBuildConfiguration section */
		167B309522FAA671007D67F3 /* Debug */ = {
			isa = XCBuildConfiguration;
			buildSettings = {
				ALWAYS_SEARCH_USER_PATHS = NO;
				CLANG_ANALYZER_NONNULL = YES;
				CLANG_ANALYZER_NUMBER_OBJECT_CONVERSION = YES_AGGRESSIVE;
				CLANG_CXX_LANGUAGE_STANDARD = "gnu++14";
				CLANG_CXX_LIBRARY = "libc++";
				CLANG_ENABLE_MODULES = YES;
				CLANG_ENABLE_OBJC_ARC = YES;
				CLANG_ENABLE_OBJC_WEAK = YES;
				CLANG_WARN_BLOCK_CAPTURE_AUTORELEASING = YES;
				CLANG_WARN_BOOL_CONVERSION = YES;
				CLANG_WARN_COMMA = YES;
				CLANG_WARN_CONSTANT_CONVERSION = YES;
				CLANG_WARN_DEPRECATED_OBJC_IMPLEMENTATIONS = YES;
				CLANG_WARN_DIRECT_OBJC_ISA_USAGE = YES_ERROR;
				CLANG_WARN_DOCUMENTATION_COMMENTS = YES;
				CLANG_WARN_EMPTY_BODY = YES;
				CLANG_WARN_ENUM_CONVERSION = YES;
				CLANG_WARN_INFINITE_RECURSION = YES;
				CLANG_WARN_INT_CONVERSION = YES;
				CLANG_WARN_NON_LITERAL_NULL_CONVERSION = YES;
				CLANG_WARN_OBJC_IMPLICIT_RETAIN_SELF = YES;
				CLANG_WARN_OBJC_LITERAL_CONVERSION = YES;
				CLANG_WARN_OBJC_ROOT_CLASS = YES_ERROR;
				CLANG_WARN_RANGE_LOOP_ANALYSIS = YES;
				CLANG_WARN_STRICT_PROTOTYPES = YES;
				CLANG_WARN_SUSPICIOUS_MOVE = YES;
				CLANG_WARN_UNGUARDED_AVAILABILITY = YES_AGGRESSIVE;
				CLANG_WARN_UNREACHABLE_CODE = YES;
				CLANG_WARN__DUPLICATE_METHOD_MATCH = YES;
				CODE_SIGN_IDENTITY = "iPhone Developer";
				COPY_PHASE_STRIP = NO;
				DEBUG_INFORMATION_FORMAT = dwarf;
				ENABLE_STRICT_OBJC_MSGSEND = YES;
				ENABLE_TESTABILITY = YES;
				GCC_C_LANGUAGE_STANDARD = gnu11;
				GCC_DYNAMIC_NO_PIC = NO;
				GCC_NO_COMMON_BLOCKS = YES;
				GCC_OPTIMIZATION_LEVEL = 0;
				GCC_PREPROCESSOR_DEFINITIONS = (
					"DEBUG=1",
					"$(inherited)",
				);
				GCC_WARN_64_TO_32_BIT_CONVERSION = YES;
				GCC_WARN_ABOUT_RETURN_TYPE = YES_ERROR;
				GCC_WARN_UNDECLARED_SELECTOR = YES;
				GCC_WARN_UNINITIALIZED_AUTOS = YES_AGGRESSIVE;
				GCC_WARN_UNUSED_FUNCTION = YES;
				GCC_WARN_UNUSED_VARIABLE = YES;
				IPHONEOS_DEPLOYMENT_TARGET = 13.2;
				MTL_ENABLE_DEBUG_INFO = INCLUDE_SOURCE;
				MTL_FAST_MATH = YES;
				ONLY_ACTIVE_ARCH = YES;
				SDKROOT = iphoneos;
				SWIFT_ACTIVE_COMPILATION_CONDITIONS = DEBUG;
				SWIFT_OPTIMIZATION_LEVEL = "-Onone";
			};
			name = Debug;
		};
		167B309622FAA671007D67F3 /* Release */ = {
			isa = XCBuildConfiguration;
			buildSettings = {
				ALWAYS_SEARCH_USER_PATHS = NO;
				CLANG_ANALYZER_NONNULL = YES;
				CLANG_ANALYZER_NUMBER_OBJECT_CONVERSION = YES_AGGRESSIVE;
				CLANG_CXX_LANGUAGE_STANDARD = "gnu++14";
				CLANG_CXX_LIBRARY = "libc++";
				CLANG_ENABLE_MODULES = YES;
				CLANG_ENABLE_OBJC_ARC = YES;
				CLANG_ENABLE_OBJC_WEAK = YES;
				CLANG_WARN_BLOCK_CAPTURE_AUTORELEASING = YES;
				CLANG_WARN_BOOL_CONVERSION = YES;
				CLANG_WARN_COMMA = YES;
				CLANG_WARN_CONSTANT_CONVERSION = YES;
				CLANG_WARN_DEPRECATED_OBJC_IMPLEMENTATIONS = YES;
				CLANG_WARN_DIRECT_OBJC_ISA_USAGE = YES_ERROR;
				CLANG_WARN_DOCUMENTATION_COMMENTS = YES;
				CLANG_WARN_EMPTY_BODY = YES;
				CLANG_WARN_ENUM_CONVERSION = YES;
				CLANG_WARN_INFINITE_RECURSION = YES;
				CLANG_WARN_INT_CONVERSION = YES;
				CLANG_WARN_NON_LITERAL_NULL_CONVERSION = YES;
				CLANG_WARN_OBJC_IMPLICIT_RETAIN_SELF = YES;
				CLANG_WARN_OBJC_LITERAL_CONVERSION = YES;
				CLANG_WARN_OBJC_ROOT_CLASS = YES_ERROR;
				CLANG_WARN_RANGE_LOOP_ANALYSIS = YES;
				CLANG_WARN_STRICT_PROTOTYPES = YES;
				CLANG_WARN_SUSPICIOUS_MOVE = YES;
				CLANG_WARN_UNGUARDED_AVAILABILITY = YES_AGGRESSIVE;
				CLANG_WARN_UNREACHABLE_CODE = YES;
				CLANG_WARN__DUPLICATE_METHOD_MATCH = YES;
				CODE_SIGN_IDENTITY = "iPhone Developer";
				COPY_PHASE_STRIP = NO;
				DEBUG_INFORMATION_FORMAT = "dwarf-with-dsym";
				ENABLE_NS_ASSERTIONS = NO;
				ENABLE_STRICT_OBJC_MSGSEND = YES;
				GCC_C_LANGUAGE_STANDARD = gnu11;
				GCC_NO_COMMON_BLOCKS = YES;
				GCC_WARN_64_TO_32_BIT_CONVERSION = YES;
				GCC_WARN_ABOUT_RETURN_TYPE = YES_ERROR;
				GCC_WARN_UNDECLARED_SELECTOR = YES;
				GCC_WARN_UNINITIALIZED_AUTOS = YES_AGGRESSIVE;
				GCC_WARN_UNUSED_FUNCTION = YES;
				GCC_WARN_UNUSED_VARIABLE = YES;
				IPHONEOS_DEPLOYMENT_TARGET = 13.2;
				MTL_ENABLE_DEBUG_INFO = NO;
				MTL_FAST_MATH = YES;
				SDKROOT = iphoneos;
				SWIFT_COMPILATION_MODE = wholemodule;
				SWIFT_OPTIMIZATION_LEVEL = "-O";
				VALIDATE_PRODUCT = YES;
			};
			name = Release;
		};
		167B309822FAA671007D67F3 /* Debug */ = {
			isa = XCBuildConfiguration;
			baseConfigurationReference = D709E32DF7F9577FA74BDEBB /* Pods-To-Do-List.debug.xcconfig */;
			buildSettings = {
				ASSETCATALOG_COMPILER_APPICON_NAME = AppIcon;
				CODE_SIGN_IDENTITY = "iPhone Developer";
				CODE_SIGN_STYLE = Automatic;
				DEVELOPMENT_TEAM = LNL6T3MTH9;
				INFOPLIST_FILE = "To-Do-List/Info.plist";
				IPHONEOS_DEPLOYMENT_TARGET = 13.2;
				LD_RUNPATH_SEARCH_PATHS = (
					"$(inherited)",
					"@executable_path/Frameworks",
				);
				MARKETING_VERSION = 1.0;
				PRODUCT_BUNDLE_IDENTIFIER = "com.Lacie.Easy-To-Do-List";
				PRODUCT_NAME = "$(TARGET_NAME)";
				PROVISIONING_PROFILE_SPECIFIER = "";
				SWIFT_VERSION = 5.0;
				TARGETED_DEVICE_FAMILY = 1;
			};
			name = Debug;
		};
		167B309922FAA671007D67F3 /* Release */ = {
			isa = XCBuildConfiguration;
			baseConfigurationReference = D4A8B1F2BB9AE040B160C36B /* Pods-To-Do-List.release.xcconfig */;
			buildSettings = {
				ASSETCATALOG_COMPILER_APPICON_NAME = AppIcon;
				CODE_SIGN_IDENTITY = "iPhone Developer";
				CODE_SIGN_STYLE = Automatic;
				DEVELOPMENT_TEAM = LNL6T3MTH9;
				INFOPLIST_FILE = "To-Do-List/Info.plist";
				IPHONEOS_DEPLOYMENT_TARGET = 13.2;
				LD_RUNPATH_SEARCH_PATHS = (
					"$(inherited)",
					"@executable_path/Frameworks",
				);
				MARKETING_VERSION = 1.0;
				PRODUCT_BUNDLE_IDENTIFIER = "com.Lacie.Easy-To-Do-List";
				PRODUCT_NAME = "$(TARGET_NAME)";
				PROVISIONING_PROFILE_SPECIFIER = "";
				SWIFT_VERSION = 5.0;
				TARGETED_DEVICE_FAMILY = 1;
			};
			name = Release;
		};
/* End XCBuildConfiguration section */

/* Begin XCConfigurationList section */
		167B308022FAA671007D67F3 /* Build configuration list for PBXProject "To-Do-List" */ = {
			isa = XCConfigurationList;
			buildConfigurations = (
				167B309522FAA671007D67F3 /* Debug */,
				167B309622FAA671007D67F3 /* Release */,
			);
			defaultConfigurationIsVisible = 0;
			defaultConfigurationName = Release;
		};
		167B309722FAA671007D67F3 /* Build configuration list for PBXNativeTarget "To-Do-List" */ = {
			isa = XCConfigurationList;
			buildConfigurations = (
				167B309822FAA671007D67F3 /* Debug */,
				167B309922FAA671007D67F3 /* Release */,
			);
			defaultConfigurationIsVisible = 0;
			defaultConfigurationName = Release;
		};
/* End XCConfigurationList section */
	};
	rootObject = 167B307D22FAA671007D67F3 /* Project object */;
}
